
Microsoft Visual Studio Solution File, Format Version 12.00
# Visual Studio Version 17
VisualStudioVersion = 17.4.33213.308
MinimumVisualStudioVersion = 10.0.40219.1
Project("{FAE04EC0-301F-11D3-BF4B-00C04F79EFBC}") = "butzet", "butzet\butzet.csproj", "{B616D4D9-8008-4E0D-990E-89AE5CE893B4}"
EndProject
Global
	GlobalSection(SolutionConfigurationPlatforms) = preSolution
		Debug|Any CPU = Debug|Any CPU
		Release|Any CPU = Release|Any CPU
	EndGlobalSection
	GlobalSection(ProjectConfigurationPlatforms) = postSolution
		{B616D4D9-8008-4E0D-990E-89AE5CE893B4}.Debug|Any CPU.ActiveCfg = Debug|Any CPU
		{B616D4D9-8008-4E0D-990E-89AE5CE893B4}.Debug|Any CPU.Build.0 = Debug|Any CPU
		{B616D4D9-8008-4E0D-990E-89AE5CE893B4}.Release|Any CPU.ActiveCfg = Release|Any CPU
		{B616D4D9-8008-4E0D-990E-89AE5CE893B4}.Release|Any CPU.Build.0 = Release|Any CPU
	EndGlobalSection
	GlobalSection(SolutionProperties) = preSolution
		HideSolutionNode = FALSE
	EndGlobalSection
	GlobalSection(ExtensibilityGlobals) = postSolution
		SolutionGuid = {A2FE8774-A756-4E2B-B904-369FA20D49EE}
	EndGlobalSection
EndGlobal
